
Microsoft Visual Studio Solution File, Format Version 12.00
# Visual Studio Version 16
VisualStudioVersion = 16.0.29306.81
MinimumVisualStudioVersion = 10.0.40219.1
Project("{F184B08F-C81C-45F6-A57F-5ABD9991F28F}") = "start", "start.vbproj", "{9EEA2FF6-A4A3-467A-A59E-74984269ECD5}"
EndProject
Global
	GlobalSection(SolutionConfigurationPlatforms) = preSolution
		Debug|Any CPU = Debug|Any CPU
		Release|Any CPU = Release|Any CPU
	EndGlobalSection
	GlobalSection(ProjectConfigurationPlatforms) = postSolution
		{9EEA2FF6-A4A3-467A-A59E-74984269ECD5}.Debug|Any CPU.ActiveCfg = Debug|Any CPU
		{9EEA2FF6-A4A3-467A-A59E-74984269ECD5}.Debug|Any CPU.Build.0 = Debug|Any CPU
		{9EEA2FF6-A4A3-467A-A59E-74984269ECD5}.Release|Any CPU.ActiveCfg = Release|Any CPU
		{9EEA2FF6-A4A3-467A-A59E-74984269ECD5}.Release|Any CPU.Build.0 = Release|Any CPU
	EndGlobalSection
	GlobalSection(SolutionProperties) = preSolution
		HideSolutionNode = FALSE
	EndGlobalSection
	GlobalSection(ExtensibilityGlobals) = postSolution
		SolutionGuid = {1EAC1BA8-0536-4331-81D2-8355151C7EA5}
	EndGlobalSection
EndGlobal
